
Microsoft Visual Studio Solution File, Format Version 12.00
# Visual Studio 15
VisualStudioVersion = 15.0.27703.2035
MinimumVisualStudioVersion = 10.0.40219.1
Project("{FAE04EC0-301F-11D3-BF4B-00C04F79EFBC}") = "UiPathTeam.BooleanActivities.Design", "BooleanActivities.Design\UiPathTeam.BooleanActivities.Design.csproj", "{5415B231-4454-4310-A2D5-ACC2D9F5DFB8}"
EndProject
Project("{FAE04EC0-301F-11D3-BF4B-00C04F79EFBC}") = "UiPathTeam.BooleanActivities", "BooleanActivities\UiPathTeam.BooleanActivities.csproj", "{7DB23EDA-B07C-4AE8-8E22-BCB6A2CEC7E2}"
EndProject
Project("{FAE04EC0-301F-11D3-BF4B-00C04F79EFBC}") = "TestApp", "TestApp\TestApp.csproj", "{243F1518-C17E-44AD-B3DA-BB65AFD5DCCA}"
EndProject
Project("{FAE04EC0-301F-11D3-BF4B-00C04F79EFBC}") = "RehostedTestApp", "RehostedTestApp\RehostedTestApp.csproj", "{86DD64E4-F9D2-464C-832E-9F236CDE5F05}"
EndProject
Global
	GlobalSection(SolutionConfigurationPlatforms) = preSolution
		Debug|Any CPU = Debug|Any CPU
		Release|Any CPU = Release|Any CPU
	EndGlobalSection
	GlobalSection(ProjectConfigurationPlatforms) = postSolution
		{5415B231-4454-4310-A2D5-ACC2D9F5DFB8}.Debug|Any CPU.ActiveCfg = Debug|Any CPU
		{5415B231-4454-4310-A2D5-ACC2D9F5DFB8}.Debug|Any CPU.Build.0 = Debug|Any CPU
		{5415B231-4454-4310-A2D5-ACC2D9F5DFB8}.Release|Any CPU.ActiveCfg = Release|Any CPU
		{5415B231-4454-4310-A2D5-ACC2D9F5DFB8}.Release|Any CPU.Build.0 = Release|Any CPU
		{7DB23EDA-B07C-4AE8-8E22-BCB6A2CEC7E2}.Debug|Any CPU.ActiveCfg = Debug|Any CPU
		{7DB23EDA-B07C-4AE8-8E22-BCB6A2CEC7E2}.Debug|Any CPU.Build.0 = Debug|Any CPU
		{7DB23EDA-B07C-4AE8-8E22-BCB6A2CEC7E2}.Release|Any CPU.ActiveCfg = Release|Any CPU
		{7DB23EDA-B07C-4AE8-8E22-BCB6A2CEC7E2}.Release|Any CPU.Build.0 = Release|Any CPU
		{243F1518-C17E-44AD-B3DA-BB65AFD5DCCA}.Debug|Any CPU.ActiveCfg = Debug|Any CPU
		{243F1518-C17E-44AD-B3DA-BB65AFD5DCCA}.Debug|Any CPU.Build.0 = Debug|Any CPU
		{243F1518-C17E-44AD-B3DA-BB65AFD5DCCA}.Release|Any CPU.ActiveCfg = Release|Any CPU
		{243F1518-C17E-44AD-B3DA-BB65AFD5DCCA}.Release|Any CPU.Build.0 = Release|Any CPU
		{86DD64E4-F9D2-464C-832E-9F236CDE5F05}.Debug|Any CPU.ActiveCfg = Debug|Any CPU
		{86DD64E4-F9D2-464C-832E-9F236CDE5F05}.Debug|Any CPU.Build.0 = Debug|Any CPU
		{86DD64E4-F9D2-464C-832E-9F236CDE5F05}.Release|Any CPU.ActiveCfg = Release|Any CPU
		{86DD64E4-F9D2-464C-832E-9F236CDE5F05}.Release|Any CPU.Build.0 = Release|Any CPU
	EndGlobalSection
	GlobalSection(SolutionProperties) = preSolution
		HideSolutionNode = FALSE
	EndGlobalSection
	GlobalSection(ExtensibilityGlobals) = postSolution
		SolutionGuid = {64031695-2F30-4C26-95FF-295A40938398}
	EndGlobalSection
EndGlobal
